
Microsoft Visual Studio Solution File, Format Version 12.00
# Visual Studio Version 17
VisualStudioVersion = 17.4.33122.133
MinimumVisualStudioVersion = 10.0.40219.1
Project("{FAE04EC0-301F-11D3-BF4B-00C04F79EFBC}") = "2LabaMT", "2LabaMT\2LabaMT.csproj", "{761CB3B7-F940-46E9-9678-506E1B9CD24B}"
EndProject
Global
	GlobalSection(SolutionConfigurationPlatforms) = preSolution
		Debug|Any CPU = Debug|Any CPU
		Release|Any CPU = Release|Any CPU
	EndGlobalSection
	GlobalSection(ProjectConfigurationPlatforms) = postSolution
		{761CB3B7-F940-46E9-9678-506E1B9CD24B}.Debug|Any CPU.ActiveCfg = Debug|Any CPU
		{761CB3B7-F940-46E9-9678-506E1B9CD24B}.Debug|Any CPU.Build.0 = Debug|Any CPU
		{761CB3B7-F940-46E9-9678-506E1B9CD24B}.Release|Any CPU.ActiveCfg = Release|Any CPU
		{761CB3B7-F940-46E9-9678-506E1B9CD24B}.Release|Any CPU.Build.0 = Release|Any CPU
	EndGlobalSection
	GlobalSection(SolutionProperties) = preSolution
		HideSolutionNode = FALSE
	EndGlobalSection
	GlobalSection(ExtensibilityGlobals) = postSolution
		SolutionGuid = {E7C10BF4-122A-4EDE-AC2C-EF5070E2A22A}
	EndGlobalSection
EndGlobal
